// !$*UTF8*$!
{
	archiveVersion = 1;
	classes = {
	};
	objectVersion = 56;
	objects = {

/* Begin PBXBuildFile section */
		A10000010000000000000001 /* TestRunnerApp.swift in Sources */ = {isa = PBXBuildFile; fileRef = A20000010000000000000001 /* TestRunnerApp.swift */; };
		A10000020000000000000002 /* ContentView.swift in Sources */ = {isa = PBXBuildFile; fileRef = A20000020000000000000002 /* ContentView.swift */; };
		A10000030000000000000003 /* TestSidebarView.swift in Sources */ = {isa = PBXBuildFile; fileRef = A20000030000000000000003 /* TestSidebarView.swift */; };
		A10000040000000000000004 /* ConsoleView.swift in Sources */ = {isa = PBXBuildFile; fileRef = A20000040000000000000004 /* ConsoleView.swift */; };
		A10000050000000000000005 /* TestRowView.swift in Sources */ = {isa = PBXBuildFile; fileRef = A20000050000000000000005 /* TestRowView.swift */; };
		A10000060000000000000006 /* TestRunnerVM.swift in Sources */ = {isa = PBXBuildFile; fileRef = A20000060000000000000006 /* TestRunnerVM.swift */; };
		A10000070000000000000007 /* TestSpec.swift in Sources */ = {isa = PBXBuildFile; fileRef = A20000070000000000000007 /* TestSpec.swift */; };
		A10000080000000000000008 /* TestResult.swift in Sources */ = {isa = PBXBuildFile; fileRef = A20000080000000000000008 /* TestResult.swift */; };
		A10000090000000000000009 /* ScreenshotView.swift in Sources */ = {isa = PBXBuildFile; fileRef = A20000090000000000000009 /* ScreenshotView.swift */; };
		A100000A000000000000000A /* NotificationService.swift in Sources */ = {isa = PBXBuildFile; fileRef = A200000A000000000000000A /* NotificationService.swift */; };
/* End PBXBuildFile section */

/* Begin PBXFileReference section */
		A20000010000000000000001 /* TestRunnerApp.swift */ = {isa = PBXFileReference; lastKnownFileType = sourcecode.swift; path = TestRunnerApp.swift; sourceTree = "<group>"; };
		A20000020000000000000002 /* ContentView.swift */ = {isa = PBXFileReference; lastKnownFileType = sourcecode.swift; path = ContentView.swift; sourceTree = "<group>"; };
		A20000030000000000000003 /* TestSidebarView.swift */ = {isa = PBXFileReference; lastKnownFileType = sourcecode.swift; path = TestSidebarView.swift; sourceTree = "<group>"; };
		A20000040000000000000004 /* ConsoleView.swift */ = {isa = PBXFileReference; lastKnownFileType = sourcecode.swift; path = ConsoleView.swift; sourceTree = "<group>"; };
		A20000050000000000000005 /* TestRowView.swift */ = {isa = PBXFileReference; lastKnownFileType = sourcecode.swift; path = TestRowView.swift; sourceTree = "<group>"; };
		A20000060000000000000006 /* TestRunnerVM.swift */ = {isa = PBXFileReference; lastKnownFileType = sourcecode.swift; path = TestRunnerVM.swift; sourceTree = "<group>"; };
		A20000070000000000000007 /* TestSpec.swift */ = {isa = PBXFileReference; lastKnownFileType = sourcecode.swift; path = TestSpec.swift; sourceTree = "<group>"; };
		A20000080000000000000008 /* TestResult.swift */ = {isa = PBXFileReference; lastKnownFileType = sourcecode.swift; path = TestResult.swift; sourceTree = "<group>"; };
		A20000090000000000000009 /* ScreenshotView.swift */ = {isa = PBXFileReference; lastKnownFileType = sourcecode.swift; path = ScreenshotView.swift; sourceTree = "<group>"; };
		A200000A000000000000000A /* NotificationService.swift */ = {isa = PBXFileReference; lastKnownFileType = sourcecode.swift; path = NotificationService.swift; sourceTree = "<group>"; };
		A30000000000000000000000 /* TestRunner.app */ = {isa = PBXFileReference; explicitFileType = wrapper.application; includeInIndex = 0; path = TestRunner.app; sourceTree = BUILT_PRODUCTS_DIR; };
/* End PBXFileReference section */

/* Begin PBXFrameworksBuildPhase section */
		A40000000000000000000000 /* Frameworks */ = {
			isa = PBXFrameworksBuildPhase;
			buildActionMask = 2147483647;
			files = (
			);
			runOnlyForDeploymentPostprocessing = 0;
		};
/* End PBXFrameworksBuildPhase section */

/* Begin PBXGroup section */
		A50000000000000000000000 = {
			isa = PBXGroup;
			children = (
				A50000010000000000000001 /* TestRunner */,
				A50000050000000000000005 /* Products */,
			);
			sourceTree = "<group>";
		};
		A50000010000000000000001 /* TestRunner */ = {
			isa = PBXGroup;
			children = (
				A50000020000000000000002 /* App */,
				A50000030000000000000003 /* Models */,
				A50000060000000000000006 /* ViewModels */,
				A50000040000000000000004 /* Views */,
				A50000070000000000000007 /* Services */,
			);
			path = TestRunner;
			sourceTree = "<group>";
		};
		A50000070000000000000007 /* Services */ = {
			isa = PBXGroup;
			children = (
				A200000A000000000000000A /* NotificationService.swift */,
			);
			path = Services;
			sourceTree = "<group>";
		};
		A50000020000000000000002 /* App */ = {
			isa = PBXGroup;
			children = (
				A20000010000000000000001 /* TestRunnerApp.swift */,
			);
			path = App;
			sourceTree = "<group>";
		};
		A50000030000000000000003 /* Models */ = {
			isa = PBXGroup;
			children = (
				A20000070000000000000007 /* TestSpec.swift */,
				A20000080000000000000008 /* TestResult.swift */,
			);
			path = Models;
			sourceTree = "<group>";
		};
		A50000040000000000000004 /* Views */ = {
			isa = PBXGroup;
			children = (
				A20000020000000000000002 /* ContentView.swift */,
				A20000030000000000000003 /* TestSidebarView.swift */,
				A20000040000000000000004 /* ConsoleView.swift */,
				A20000050000000000000005 /* TestRowView.swift */,
				A20000090000000000000009 /* ScreenshotView.swift */,
			);
			path = Views;
			sourceTree = "<group>";
		};
		A50000050000000000000005 /* Products */ = {
			isa = PBXGroup;
			children = (
				A30000000000000000000000 /* TestRunner.app */,
			);
			name = Products;
			sourceTree = "<group>";
		};
		A50000060000000000000006 /* ViewModels */ = {
			isa = PBXGroup;
			children = (
				A20000060000000000000006 /* TestRunnerVM.swift */,
			);
			path = ViewModels;
			sourceTree = "<group>";
		};
/* End PBXGroup section */

/* Begin PBXNativeTarget section */
		A60000000000000000000000 /* TestRunner */ = {
			isa = PBXNativeTarget;
			buildConfigurationList = A80000000000000000000000 /* Build configuration list for PBXNativeTarget "TestRunner" */;
			buildPhases = (
				A70000000000000000000000 /* Sources */,
				A40000000000000000000000 /* Frameworks */,
			);
			buildRules = (
			);
			dependencies = (
			);
			name = TestRunner;
			productName = TestRunner;
			productReference = A30000000000000000000000 /* TestRunner.app */;
			productType = "com.apple.product-type.application";
		};
/* End PBXNativeTarget section */

/* Begin PBXProject section */
		A90000000000000000000000 /* Project object */ = {
			isa = PBXProject;
			attributes = {
				BuildIndependentTargetsInParallel = 1;
				LastSwiftUpdateCheck = 1600;
				LastUpgradeCheck = 1600;
			};
			buildConfigurationList = A80000010000000000000001 /* Build configuration list for PBXProject "TestRunner" */;
			compatibilityVersion = "Xcode 14.0";
			developmentRegion = en;
			hasScannedForEncodings = 0;
			knownRegions = (
				en,
				Base,
			);
			mainGroup = A50000000000000000000000;
			productRefGroup = A50000050000000000000005 /* Products */;
			projectDirPath = "";
			projectRoot = "";
			targets = (
				A60000000000000000000000 /* TestRunner */,
			);
		};
/* End PBXProject section */

/* Begin PBXSourcesBuildPhase section */
		A70000000000000000000000 /* Sources */ = {
			isa = PBXSourcesBuildPhase;
			buildActionMask = 2147483647;
			files = (
				A10000010000000000000001 /* TestRunnerApp.swift in Sources */,
				A10000020000000000000002 /* ContentView.swift in Sources */,
				A10000030000000000000003 /* TestSidebarView.swift in Sources */,
				A10000040000000000000004 /* ConsoleView.swift in Sources */,
				A10000050000000000000005 /* TestRowView.swift in Sources */,
				A10000060000000000000006 /* TestRunnerVM.swift in Sources */,
				A10000070000000000000007 /* TestSpec.swift in Sources */,
				A10000080000000000000008 /* TestResult.swift in Sources */,
				A10000090000000000000009 /* ScreenshotView.swift in Sources */,
				A100000A000000000000000A /* NotificationService.swift in Sources */,
			);
			runOnlyForDeploymentPostprocessing = 0;
		};
/* End PBXSourcesBuildPhase section */

/* Begin XCBuildConfiguration section */
		B10000000000000000000000 /* Debug */ = {
			isa = XCBuildConfiguration;
			buildSettings = {
				ALWAYS_SEARCH_USER_PATHS = NO;
				ASSETCATALOG_COMPILER_GENERATE_SWIFT_ASSET_SYMBOL_EXTENSIONS = YES;
				CLANG_ANALYZER_NONNULL = YES;
				CLANG_CXX_LANGUAGE_STANDARD = "gnu++20";
				CLANG_ENABLE_MODULES = YES;
				CLANG_ENABLE_OBJC_ARC = YES;
				COPY_PHASE_STRIP = NO;
				DEBUG_INFORMATION_FORMAT = dwarf;
				ENABLE_STRICT_OBJC_MSGSEND = YES;
				ENABLE_TESTABILITY = YES;
				ENABLE_USER_SCRIPT_SANDBOXING = YES;
				GCC_DYNAMIC_NO_PIC = NO;
				GCC_OPTIMIZATION_LEVEL = 0;
				GCC_WARN_ABOUT_RETURN_TYPE = YES_ERROR;
				GCC_WARN_UNINITIALIZED_AUTOS = YES_AGGRESSIVE;
				MACOSX_DEPLOYMENT_TARGET = 14.0;
				MTL_ENABLE_DEBUG_INFO = INCLUDE_SOURCE;
				ONLY_ACTIVE_ARCH = YES;
				SDKROOT = macosx;
				SWIFT_ACTIVE_COMPILATION_CONDITIONS = "DEBUG $(inherited)";
				SWIFT_OPTIMIZATION_LEVEL = "-Onone";
			};
			name = Debug;
		};
		B10000010000000000000001 /* Release */ = {
			isa = XCBuildConfiguration;
			buildSettings = {
				ALWAYS_SEARCH_USER_PATHS = NO;
				ASSETCATALOG_COMPILER_GENERATE_SWIFT_ASSET_SYMBOL_EXTENSIONS = YES;
				CLANG_ANALYZER_NONNULL = YES;
				CLANG_CXX_LANGUAGE_STANDARD = "gnu++20";
				CLANG_ENABLE_MODULES = YES;
				CLANG_ENABLE_OBJC_ARC = YES;
				COPY_PHASE_STRIP = NO;
				DEBUG_INFORMATION_FORMAT = "dwarf-with-dsym";
				ENABLE_NS_ASSERTIONS = NO;
				ENABLE_STRICT_OBJC_MSGSEND = YES;
				ENABLE_USER_SCRIPT_SANDBOXING = YES;
				GCC_WARN_ABOUT_RETURN_TYPE = YES_ERROR;
				GCC_WARN_UNINITIALIZED_AUTOS = YES_AGGRESSIVE;
				MACOSX_DEPLOYMENT_TARGET = 14.0;
				SDKROOT = macosx;
				SWIFT_COMPILATION_MODE = wholemodule;
			};
			name = Release;
		};
		B20000000000000000000000 /* Debug */ = {
			isa = XCBuildConfiguration;
			buildSettings = {
				CODE_SIGN_ENTITLEMENTS = "";
				CODE_SIGN_STYLE = Automatic;
				COMBINE_HIDPI_IMAGES = YES;
				CURRENT_PROJECT_VERSION = 1;
				DEVELOPMENT_TEAM = "";
				ENABLE_APP_SANDBOX = NO;
				ENABLE_HARDENED_RUNTIME = NO;
				GENERATE_INFOPLIST_FILE = YES;
				INFOPLIST_KEY_NSHumanReadableCopyright = "Copyright 2026 Dependent Media";
				INFOPLIST_KEY_NSMainStoryboardFile = "";
				INFOPLIST_KEY_NSPrincipalClass = NSApplication;
				LD_RUNPATH_SEARCH_PATHS = (
					"$(inherited)",
					"@executable_path/../Frameworks",
				);
				MARKETING_VERSION = 1.0;
				PRODUCT_BUNDLE_IDENTIFIER = com.dependentmedia.BeaverMindTestRunner;
				PRODUCT_NAME = "$(TARGET_NAME)";
				SWIFT_EMIT_LOC_STRINGS = YES;
				SWIFT_VERSION = 5.0;
			};
			name = Debug;
		};
		B20000010000000000000001 /* Release */ = {
			isa = XCBuildConfiguration;
			buildSettings = {
				CODE_SIGN_ENTITLEMENTS = "";
				CODE_SIGN_STYLE = Automatic;
				COMBINE_HIDPI_IMAGES = YES;
				CURRENT_PROJECT_VERSION = 1;
				DEVELOPMENT_TEAM = "";
				ENABLE_APP_SANDBOX = NO;
				ENABLE_HARDENED_RUNTIME = NO;
				GENERATE_INFOPLIST_FILE = YES;
				INFOPLIST_KEY_NSHumanReadableCopyright = "Copyright 2026 Dependent Media";
				INFOPLIST_KEY_NSMainStoryboardFile = "";
				INFOPLIST_KEY_NSPrincipalClass = NSApplication;
				LD_RUNPATH_SEARCH_PATHS = (
					"$(inherited)",
					"@executable_path/../Frameworks",
				);
				MARKETING_VERSION = 1.0;
				PRODUCT_BUNDLE_IDENTIFIER = com.dependentmedia.BeaverMindTestRunner;
				PRODUCT_NAME = "$(TARGET_NAME)";
				SWIFT_EMIT_LOC_STRINGS = YES;
				SWIFT_VERSION = 5.0;
			};
			name = Release;
		};
/* End XCBuildConfiguration section */

/* Begin XCConfigurationList section */
		A80000000000000000000000 /* Build configuration list for PBXNativeTarget "TestRunner" */ = {
			isa = XCConfigurationList;
			buildConfigurations = (
				B20000000000000000000000 /* Debug */,
				B20000010000000000000001 /* Release */,
			);
			defaultConfigurationIsVisible = 0;
			defaultConfigurationName = Release;
		};
		A80000010000000000000001 /* Build configuration list for PBXProject "TestRunner" */ = {
			isa = XCConfigurationList;
			buildConfigurations = (
				B10000000000000000000000 /* Debug */,
				B10000010000000000000001 /* Release */,
			);
			defaultConfigurationIsVisible = 0;
			defaultConfigurationName = Release;
		};
/* End XCConfigurationList section */

	};
	rootObject = A90000000000000000000000 /* Project object */;
}
